{
  "nodes": {
    "c-octo-src": {
      "flake": false,
      "locked": {
        "lastModified": 1769647197,
        "narHash": "sha256-yBeMvyDgrW3d1fuHIBoy7DEA1zAks8s+53wRHvyPrSM=",
        "owner": "JohnEarnest",
        "repo": "c-octo",
        "rev": "5f62f185c9e6ae324dcbe9e7fe35ec7c3bdebfb1",
        "type": "github"
      },
      "original": {
        "owner": "JohnEarnest",
        "repo": "c-octo",
        "rev": "5f62f185c9e6ae324dcbe9e7fe35ec7c3bdebfb1",
        "type": "github"
      }
    },
    "gambatte-src": {
      "flake": false,
      "locked": {
        "lastModified": 1783079107,
        "narHash": "sha256-a7GXw0B/ekIcNl08s1DpuRQZyxm4tYGWzNVVBTjXeOk=",
        "owner": "libretro",
        "repo": "gambatte-libretro",
        "rev": "dfc165599f3f1068c40a0b7ad6fe5f161283d483",
        "type": "github"
      },
      "original": {
        "owner": "libretro",
        "repo": "gambatte-libretro",
        "rev": "dfc165599f3f1068c40a0b7ad6fe5f161283d483",
        "type": "github"
      }
    },
    "infones-src": {
      "flake": false,
      "locked": {
        "lastModified": 1594116344,
        "narHash": "sha256-JRFGMxPMDjLMe6PhhhY2/xXvHsnnjOtJnzigKtc/rms=",
        "owner": "nejidev",
        "repo": "arm-NES-linux",
        "rev": "e14ec579b3fb58f4c061ca38c103cc11d58d1673",
        "type": "github"
      },
      "original": {
        "owner": "nejidev",
        "repo": "arm-NES-linux",
        "type": "github"
      }
    },
    "nixpkgs": {
      "locked": {
        "lastModified": 1767313136,
        "narHash": "sha256-16KkgfdYqjaeRGBaYsNrhPRRENs0qzkQVUooNHtoy2w=",
        "owner": "NixOS",
        "repo": "nixpkgs",
        "rev": "ac62194c3917d5f474c1a844b6fd6da2db95077d",
        "type": "github"
      },
      "original": {
        "owner": "NixOS",
        "ref": "nixos-25.05",
        "repo": "nixpkgs",
        "type": "github"
      }
    },
    "root": {
      "inputs": {
        "c-octo-src": "c-octo-src",
        "gambatte-src": "gambatte-src",
        "infones-src": "infones-src",
        "nixpkgs": "nixpkgs"
      }
    }
  },
  "root": "root",
  "version": 7
}
